
Microsoft Visual Studio Solution File, Format Version 12.00
# Visual Studio 2012
Project("{F2A71F9B-5D33-465A-A702-920D77279786}") = "FSom", "FSom.fsproj", "{782C2872-8AC7-4B39-BA98-1DA45E1CBCFB}"
EndProject
Project("{FAE04EC0-301F-11D3-BF4B-00C04F79EFBC}") = "SomTest", "..\SomTest\SomTest.csproj", "{691C19A5-981D-4E3B-BB6B-8D3039ACAA4A}"
EndProject
Global
	GlobalSection(SolutionConfigurationPlatforms) = preSolution
		Debug|Any CPU = Debug|Any CPU
		Release|Any CPU = Release|Any CPU
	EndGlobalSection
	GlobalSection(ProjectConfigurationPlatforms) = postSolution
		{782C2872-8AC7-4B39-BA98-1DA45E1CBCFB}.Debug|Any CPU.ActiveCfg = Debug|Any CPU
		{782C2872-8AC7-4B39-BA98-1DA45E1CBCFB}.Debug|Any CPU.Build.0 = Debug|Any CPU
		{782C2872-8AC7-4B39-BA98-1DA45E1CBCFB}.Release|Any CPU.ActiveCfg = Release|Any CPU
		{782C2872-8AC7-4B39-BA98-1DA45E1CBCFB}.Release|Any CPU.Build.0 = Release|Any CPU
		{691C19A5-981D-4E3B-BB6B-8D3039ACAA4A}.Debug|Any CPU.ActiveCfg = Debug|Any CPU
		{691C19A5-981D-4E3B-BB6B-8D3039ACAA4A}.Debug|Any CPU.Build.0 = Debug|Any CPU
		{691C19A5-981D-4E3B-BB6B-8D3039ACAA4A}.Release|Any CPU.ActiveCfg = Release|Any CPU
		{691C19A5-981D-4E3B-BB6B-8D3039ACAA4A}.Release|Any CPU.Build.0 = Release|Any CPU
	EndGlobalSection
	GlobalSection(SolutionProperties) = preSolution
		HideSolutionNode = FALSE
	EndGlobalSection
EndGlobal
