
Microsoft Visual Studio Solution File, Format Version 12.00
# Visual Studio 2013
VisualStudioVersion = 12.0.21005.1
MinimumVisualStudioVersion = 10.0.40219.1
Project("{F2A71F9B-5D33-465A-A702-920D77279786}") = "FSom", "FSom.fsproj", "{2BFCB3AA-99EB-4D4E-88DD-AD2FC2C05364}"
EndProject
Project("{F2A71F9B-5D33-465A-A702-920D77279786}") = "Som", "..\Som\Som.fsproj", "{1A31782D-A5AD-4DB5-9B08-4B62CBE2B9CD}"
EndProject
Project("{F2A71F9B-5D33-465A-A702-920D77279786}") = "SomExperiments", "..\SomExperiments\SomExperiments.fsproj", "{1847489F-82BA-4BAA-9E03-1AF93FE63C51}"
EndProject
Project("{FAE04EC0-301F-11D3-BF4B-00C04F79EFBC}") = "SomTest", "..\SomTest\SomTest.csproj", "{691C19A5-981D-4E3B-BB6B-8D3039ACAA4A}"
EndProject
Global
	GlobalSection(SolutionConfigurationPlatforms) = preSolution
		Debug|Any CPU = Debug|Any CPU
		Debug|x64 = Debug|x64
		Release|Any CPU = Release|Any CPU
		Release|x64 = Release|x64
	EndGlobalSection
	GlobalSection(ProjectConfigurationPlatforms) = postSolution
		{2BFCB3AA-99EB-4D4E-88DD-AD2FC2C05364}.Debug|Any CPU.ActiveCfg = Debug|Any CPU
		{2BFCB3AA-99EB-4D4E-88DD-AD2FC2C05364}.Debug|Any CPU.Build.0 = Debug|Any CPU
		{2BFCB3AA-99EB-4D4E-88DD-AD2FC2C05364}.Debug|x64.ActiveCfg = Debug|Any CPU
		{2BFCB3AA-99EB-4D4E-88DD-AD2FC2C05364}.Release|Any CPU.ActiveCfg = Release|Any CPU
		{2BFCB3AA-99EB-4D4E-88DD-AD2FC2C05364}.Release|Any CPU.Build.0 = Release|Any CPU
		{2BFCB3AA-99EB-4D4E-88DD-AD2FC2C05364}.Release|x64.ActiveCfg = Release|x64
		{2BFCB3AA-99EB-4D4E-88DD-AD2FC2C05364}.Release|x64.Build.0 = Release|x64
		{1A31782D-A5AD-4DB5-9B08-4B62CBE2B9CD}.Debug|Any CPU.ActiveCfg = Debug|Any CPU
		{1A31782D-A5AD-4DB5-9B08-4B62CBE2B9CD}.Debug|Any CPU.Build.0 = Debug|Any CPU
		{1A31782D-A5AD-4DB5-9B08-4B62CBE2B9CD}.Debug|x64.ActiveCfg = Debug|Any CPU
		{1A31782D-A5AD-4DB5-9B08-4B62CBE2B9CD}.Release|Any CPU.ActiveCfg = Release|Any CPU
		{1A31782D-A5AD-4DB5-9B08-4B62CBE2B9CD}.Release|Any CPU.Build.0 = Release|Any CPU
		{1A31782D-A5AD-4DB5-9B08-4B62CBE2B9CD}.Release|x64.ActiveCfg = Release|x64
		{1A31782D-A5AD-4DB5-9B08-4B62CBE2B9CD}.Release|x64.Build.0 = Release|x64
		{1847489F-82BA-4BAA-9E03-1AF93FE63C51}.Debug|Any CPU.ActiveCfg = Debug|Any CPU
		{1847489F-82BA-4BAA-9E03-1AF93FE63C51}.Debug|Any CPU.Build.0 = Debug|Any CPU
		{1847489F-82BA-4BAA-9E03-1AF93FE63C51}.Debug|x64.ActiveCfg = Debug|x64
		{1847489F-82BA-4BAA-9E03-1AF93FE63C51}.Debug|x64.Build.0 = Debug|x64
		{1847489F-82BA-4BAA-9E03-1AF93FE63C51}.Release|Any CPU.ActiveCfg = Release|Any CPU
		{1847489F-82BA-4BAA-9E03-1AF93FE63C51}.Release|Any CPU.Build.0 = Release|Any CPU
		{1847489F-82BA-4BAA-9E03-1AF93FE63C51}.Release|x64.ActiveCfg = Release|x64
		{1847489F-82BA-4BAA-9E03-1AF93FE63C51}.Release|x64.Build.0 = Release|x64
		{691C19A5-981D-4E3B-BB6B-8D3039ACAA4A}.Debug|Any CPU.ActiveCfg = Debug|Any CPU
		{691C19A5-981D-4E3B-BB6B-8D3039ACAA4A}.Debug|Any CPU.Build.0 = Debug|Any CPU
		{691C19A5-981D-4E3B-BB6B-8D3039ACAA4A}.Debug|x64.ActiveCfg = Debug|x64
		{691C19A5-981D-4E3B-BB6B-8D3039ACAA4A}.Debug|x64.Build.0 = Debug|x64
		{691C19A5-981D-4E3B-BB6B-8D3039ACAA4A}.Release|Any CPU.ActiveCfg = Release|Any CPU
		{691C19A5-981D-4E3B-BB6B-8D3039ACAA4A}.Release|Any CPU.Build.0 = Release|Any CPU
		{691C19A5-981D-4E3B-BB6B-8D3039ACAA4A}.Release|x64.ActiveCfg = Release|x64
		{691C19A5-981D-4E3B-BB6B-8D3039ACAA4A}.Release|x64.Build.0 = Release|x64
	EndGlobalSection
	GlobalSection(SolutionProperties) = preSolution
		HideSolutionNode = FALSE
	EndGlobalSection
EndGlobal
